
Microsoft Visual Studio Solution File, Format Version 12.00
# Visual Studio Version 16
VisualStudioVersion = 16.0.33529.622
MinimumVisualStudioVersion = 10.0.40219.1
Project("{FAE04EC0-301F-11D3-BF4B-00C04F79EFBC}") = "ToSTranslator", "ToSTranslator\ToSTranslator.csproj", "{C56D9702-D8EF-4E3D-9E7C-855F20B0C320}"
EndProject
Global
	GlobalSection(SolutionConfigurationPlatforms) = preSolution
		Debug|Any CPU = Debug|Any CPU
		Release|Any CPU = Release|Any CPU
	EndGlobalSection
	GlobalSection(ProjectConfigurationPlatforms) = postSolution
		{C56D9702-D8EF-4E3D-9E7C-855F20B0C320}.Debug|Any CPU.ActiveCfg = Debug|Any CPU
		{C56D9702-D8EF-4E3D-9E7C-855F20B0C320}.Debug|Any CPU.Build.0 = Debug|Any CPU
		{C56D9702-D8EF-4E3D-9E7C-855F20B0C320}.Release|Any CPU.ActiveCfg = Release|Any CPU
		{C56D9702-D8EF-4E3D-9E7C-855F20B0C320}.Release|Any CPU.Build.0 = Release|Any CPU
	EndGlobalSection
	GlobalSection(SolutionProperties) = preSolution
		HideSolutionNode = FALSE
	EndGlobalSection
	GlobalSection(ExtensibilityGlobals) = postSolution
		SolutionGuid = {7353598B-7267-46A5-A15B-D9E141D8DB21}
	EndGlobalSection
EndGlobal
